
Microsoft Visual Studio Solution File, Format Version 12.00
# Visual Studio Version 17
VisualStudioVersion = 17.13.35913.81 d17.13
MinimumVisualStudioVersion = 10.0.40219.1
Project("{FAE04EC0-301F-11D3-BF4B-00C04F79EFBC}") = "kööntrolltöö01102025", "kööntrolltöö01102025.csproj", "{C0D037B8-7C0E-4FB0-A4EB-0BB612593689}"
EndProject
Global
	GlobalSection(SolutionConfigurationPlatforms) = preSolution
		Debug|Any CPU = Debug|Any CPU
		Release|Any CPU = Release|Any CPU
	EndGlobalSection
	GlobalSection(ProjectConfigurationPlatforms) = postSolution
		{C0D037B8-7C0E-4FB0-A4EB-0BB612593689}.Debug|Any CPU.ActiveCfg = Debug|Any CPU
		{C0D037B8-7C0E-4FB0-A4EB-0BB612593689}.Debug|Any CPU.Build.0 = Debug|Any CPU
		{C0D037B8-7C0E-4FB0-A4EB-0BB612593689}.Release|Any CPU.ActiveCfg = Release|Any CPU
		{C0D037B8-7C0E-4FB0-A4EB-0BB612593689}.Release|Any CPU.Build.0 = Release|Any CPU
	EndGlobalSection
	GlobalSection(SolutionProperties) = preSolution
		HideSolutionNode = FALSE
	EndGlobalSection
	GlobalSection(ExtensibilityGlobals) = postSolution
		SolutionGuid = {873E48AF-391E-4FDA-8C21-2CFAEF61CE5B}
	EndGlobalSection
EndGlobal
