
Microsoft Visual Studio Solution File, Format Version 12.00
# Visual Studio Version 17
VisualStudioVersion = 17.13.35913.81 d17.13
MinimumVisualStudioVersion = 10.0.40219.1
Project("{FAE04EC0-301F-11D3-BF4B-00C04F79EFBC}") = "StringTools", "StringTools.csproj", "{8E703A10-C856-44F1-B891-C9DF33569E79}"
EndProject
Global
	GlobalSection(SolutionConfigurationPlatforms) = preSolution
		Debug|Any CPU = Debug|Any CPU
		Release|Any CPU = Release|Any CPU
	EndGlobalSection
	GlobalSection(ProjectConfigurationPlatforms) = postSolution
		{8E703A10-C856-44F1-B891-C9DF33569E79}.Debug|Any CPU.ActiveCfg = Debug|Any CPU
		{8E703A10-C856-44F1-B891-C9DF33569E79}.Debug|Any CPU.Build.0 = Debug|Any CPU
		{8E703A10-C856-44F1-B891-C9DF33569E79}.Release|Any CPU.ActiveCfg = Release|Any CPU
		{8E703A10-C856-44F1-B891-C9DF33569E79}.Release|Any CPU.Build.0 = Release|Any CPU
	EndGlobalSection
	GlobalSection(SolutionProperties) = preSolution
		HideSolutionNode = FALSE
	EndGlobalSection
	GlobalSection(ExtensibilityGlobals) = postSolution
		SolutionGuid = {C0E8DC78-C0A1-486B-9543-69D6A0003BB3}
	EndGlobalSection
EndGlobal
